
Microsoft Visual Studio Solution File, Format Version 12.00
# Visual Studio Version 17
VisualStudioVersion = 17.8.34330.188
MinimumVisualStudioVersion = 10.0.40219.1
Project("{9A19103F-16F7-4668-BE54-9A1E7A4F7556}") = "ExerciseRazerPage", "ExerciseRazerPage\ExerciseRazerPage.csproj", "{60392E52-21F6-46E4-98BC-512D90774BA8}"
EndProject
Global
	GlobalSection(SolutionConfigurationPlatforms) = preSolution
		Debug|Any CPU = Debug|Any CPU
		Release|Any CPU = Release|Any CPU
	EndGlobalSection
	GlobalSection(ProjectConfigurationPlatforms) = postSolution
		{60392E52-21F6-46E4-98BC-512D90774BA8}.Debug|Any CPU.ActiveCfg = Debug|Any CPU
		{60392E52-21F6-46E4-98BC-512D90774BA8}.Debug|Any CPU.Build.0 = Debug|Any CPU
		{60392E52-21F6-46E4-98BC-512D90774BA8}.Release|Any CPU.ActiveCfg = Release|Any CPU
		{60392E52-21F6-46E4-98BC-512D90774BA8}.Release|Any CPU.Build.0 = Release|Any CPU
	EndGlobalSection
	GlobalSection(SolutionProperties) = preSolution
		HideSolutionNode = FALSE
	EndGlobalSection
	GlobalSection(ExtensibilityGlobals) = postSolution
		SolutionGuid = {299F7730-6461-4288-A74E-43B6741D07E1}
	EndGlobalSection
EndGlobal
