
Microsoft Visual Studio Solution File, Format Version 12.00
# Visual Studio Version 17
VisualStudioVersion = 17.8.34330.188
MinimumVisualStudioVersion = 10.0.40219.1
Project("{FAE04EC0-301F-11D3-BF4B-00C04F79EFBC}") = "Lab1", "Lab1\Lab1.csproj", "{83D443C4-159C-44A2-BB06-46B7A812BA70}"
EndProject
Global
	GlobalSection(SolutionConfigurationPlatforms) = preSolution
		Debug|Any CPU = Debug|Any CPU
		Release|Any CPU = Release|Any CPU
	EndGlobalSection
	GlobalSection(ProjectConfigurationPlatforms) = postSolution
		{83D443C4-159C-44A2-BB06-46B7A812BA70}.Debug|Any CPU.ActiveCfg = Debug|Any CPU
		{83D443C4-159C-44A2-BB06-46B7A812BA70}.Debug|Any CPU.Build.0 = Debug|Any CPU
		{83D443C4-159C-44A2-BB06-46B7A812BA70}.Release|Any CPU.ActiveCfg = Release|Any CPU
		{83D443C4-159C-44A2-BB06-46B7A812BA70}.Release|Any CPU.Build.0 = Release|Any CPU
	EndGlobalSection
	GlobalSection(SolutionProperties) = preSolution
		HideSolutionNode = FALSE
	EndGlobalSection
	GlobalSection(ExtensibilityGlobals) = postSolution
		SolutionGuid = {B8B0F3B3-B9C0-4112-953D-00CE329698DA}
	EndGlobalSection
EndGlobal
